// !$*UTF8*$!
{
	archiveVersion = 1;
	classes = {
	};
	objectVersion = 46;
	objects = {

/* Begin PBXBuildFile section */
		595BE8E2163FC3B90075BFB4 /* UIKit.framework in Frameworks */ = {isa = PBXBuildFile; fileRef = 595BE8E1163FC3B90075BFB4 /* UIKit.framework */; };
		595BE8E4163FC3B90075BFB4 /* Foundation.framework in Frameworks */ = {isa = PBXBuildFile; fileRef = 595BE8E3163FC3B90075BFB4 /* Foundation.framework */; };
		595BE8E6163FC3B90075BFB4 /* CoreGraphics.framework in Frameworks */ = {isa = PBXBuildFile; fileRef = 595BE8E5163FC3B90075BFB4 /* CoreGraphics.framework */; };
		595BE8EC163FC3B90075BFB4 /* InfoPlist.strings in Resources */ = {isa = PBXBuildFile; fileRef = 595BE8EA163FC3B90075BFB4 /* InfoPlist.strings */; };
		595BE8EE163FC3B90075BFB4 /* main.m in Sources */ = {isa = PBXBuildFile; fileRef = 595BE8ED163FC3B90075BFB4 /* main.m */; };
		595BE8F2163FC3B90075BFB4 /* WhereamiAppDelegate.m in Sources */ = {isa = PBXBuildFile; fileRef = 595BE8F1163FC3B90075BFB4 /* WhereamiAppDelegate.m */; };
		595BE8F4163FC3B90075BFB4 /* Default.png in Resources */ = {isa = PBXBuildFile; fileRef = 595BE8F3163FC3B90075BFB4 /* Default.png */; };
		595BE8F6163FC3B90075BFB4 /* Default@2x.png in Resources */ = {isa = PBXBuildFile; fileRef = 595BE8F5163FC3B90075BFB4 /* Default@2x.png */; };
		595BE8F8163FC3B90075BFB4 /* Default-568h@2x.png in Resources */ = {isa = PBXBuildFile; fileRef = 595BE8F7163FC3B90075BFB4 /* Default-568h@2x.png */; };
		595BE8FB163FC3B90075BFB4 /* WhereamiViewController.m in Sources */ = {isa = PBXBuildFile; fileRef = 595BE8FA163FC3B90075BFB4 /* WhereamiViewController.m */; };
		595BE8FE163FC3B90075BFB4 /* WhereamiViewController.xib in Resources */ = {isa = PBXBuildFile; fileRef = 595BE8FC163FC3B90075BFB4 /* WhereamiViewController.xib */; };
		595BE905163FC4AB0075BFB4 /* CoreLocation.framework in Frameworks */ = {isa = PBXBuildFile; fileRef = 595BE904163FC4AB0075BFB4 /* CoreLocation.framework */; };
		595FC35D16423F8F00581B18 /* BNRMapPoint.m in Sources */ = {isa = PBXBuildFile; fileRef = 595FC35C16423F8F00581B18 /* BNRMapPoint.m */; };
		59FD37A316403FB80024E727 /* MapKit.framework in Frameworks */ = {isa = PBXBuildFile; fileRef = 59FD37A216403FB80024E727 /* MapKit.framework */; };
/* End PBXBuildFile section */

/* Begin PBXFileReference section */
		595BE8DD163FC3B90075BFB4 /* Whereami.app */ = {isa = PBXFileReference; explicitFileType = wrapper.application; includeInIndex = 0; path = Whereami.app; sourceTree = BUILT_PRODUCTS_DIR; };
		595BE8E1163FC3B90075BFB4 /* UIKit.framework */ = {isa = PBXFileReference; lastKnownFileType = wrapper.framework; name = UIKit.framework; path = System/Library/Frameworks/UIKit.framework; sourceTree = SDKROOT; };
		595BE8E3163FC3B90075BFB4 /* Foundation.framework */ = {isa = PBXFileReference; lastKnownFileType = wrapper.framework; name = Foundation.framework; path = System/Library/Frameworks/Foundation.framework; sourceTree = SDKROOT; };
		595BE8E5163FC3B90075BFB4 /* CoreGraphics.framework */ = {isa = PBXFileReference; lastKnownFileType = wrapper.framework; name = CoreGraphics.framework; path = System/Library/Frameworks/CoreGraphics.framework; sourceTree = SDKROOT; };
		595BE8E9163FC3B90075BFB4 /* Whereami-Info.plist */ = {isa = PBXFileReference; lastKnownFileType = text.plist.xml; path = "Whereami-Info.plist"; sourceTree = "<group>"; };
		595BE8EB163FC3B90075BFB4 /* en */ = {isa = PBXFileReference; lastKnownFileType = text.plist.strings; name = en; path = en.lproj/InfoPlist.strings; sourceTree = "<group>"; };
		595BE8ED163FC3B90075BFB4 /* main.m */ = {isa = PBXFileReference; lastKnownFileType = sourcecode.c.objc; path = main.m; sourceTree = "<group>"; };
		595BE8EF163FC3B90075BFB4 /* Whereami-Prefix.pch */ = {isa = PBXFileReference; lastKnownFileType = sourcecode.c.h; path = "Whereami-Prefix.pch"; sourceTree = "<group>"; };
		595BE8F0163FC3B90075BFB4 /* WhereamiAppDelegate.h */ = {isa = PBXFileReference; lastKnownFileType = sourcecode.c.h; path = WhereamiAppDelegate.h; sourceTree = "<group>"; };
		595BE8F1163FC3B90075BFB4 /* WhereamiAppDelegate.m */ = {isa = PBXFileReference; lastKnownFileType = sourcecode.c.objc; path = WhereamiAppDelegate.m; sourceTree = "<group>"; };
		595BE8F3163FC3B90075BFB4 /* Default.png */ = {isa = PBXFileReference; lastKnownFileType = image.png; path = Default.png; sourceTree = "<group>"; };
		595BE8F5163FC3B90075BFB4 /* Default@2x.png */ = {isa = PBXFileReference; lastKnownFileType = image.png; path = "Default@2x.png"; sourceTree = "<group>"; };
		595BE8F7163FC3B90075BFB4 /* Default-568h@2x.png */ = {isa = PBXFileReference; lastKnownFileType = image.png; path = "Default-568h@2x.png"; sourceTree = "<group>"; };
		595BE8F9163FC3B90075BFB4 /* WhereamiViewController.h */ = {isa = PBXFileReference; lastKnownFileType = sourcecode.c.h; path = WhereamiViewController.h; sourceTree = "<group>"; };
		595BE8FA163FC3B90075BFB4 /* WhereamiViewController.m */ = {isa = PBXFileReference; lastKnownFileType = sourcecode.c.objc; path = WhereamiViewController.m; sourceTree = "<group>"; };
		595BE8FD163FC3B90075BFB4 /* en */ = {isa = PBXFileReference; lastKnownFileType = file.xib; name = en; path = en.lproj/WhereamiViewController.xib; sourceTree = "<group>"; };
		595BE904163FC4AB0075BFB4 /* CoreLocation.framework */ = {isa = PBXFileReference; lastKnownFileType = wrapper.framework; name = CoreLocation.framework; path = System/Library/Frameworks/CoreLocation.framework; sourceTree = SDKROOT; };
		595FC35B16423F8F00581B18 /* BNRMapPoint.h */ = {isa = PBXFileReference; fileEncoding = 4; lastKnownFileType = sourcecode.c.h; path = BNRMapPoint.h; sourceTree = "<group>"; };
		595FC35C16423F8F00581B18 /* BNRMapPoint.m */ = {isa = PBXFileReference; fileEncoding = 4; lastKnownFileType = sourcecode.c.objc; path = BNRMapPoint.m; sourceTree = "<group>"; };
		59FD37A216403FB80024E727 /* MapKit.framework */ = {isa = PBXFileReference; lastKnownFileType = wrapper.framework; name = MapKit.framework; path = System/Library/Frameworks/MapKit.framework; sourceTree = SDKROOT; };
/* End PBXFileReference section */

/* Begin PBXFrameworksBuildPhase section */
		595BE8DA163FC3B90075BFB4 /* Frameworks */ = {
			isa = PBXFrameworksBuildPhase;
			buildActionMask = 2147483647;
			files = (
				59FD37A316403FB80024E727 /* MapKit.framework in Frameworks */,
				595BE905163FC4AB0075BFB4 /* CoreLocation.framework in Frameworks */,
				595BE8E2163FC3B90075BFB4 /* UIKit.framework in Frameworks */,
				595BE8E4163FC3B90075BFB4 /* Foundation.framework in Frameworks */,
				595BE8E6163FC3B90075BFB4 /* CoreGraphics.framework in Frameworks */,
			);
			runOnlyForDeploymentPostprocessing = 0;
		};
/* End PBXFrameworksBuildPhase section */

/* Begin PBXGroup section */
		595BE8D2163FC3B90075BFB4 = {
			isa = PBXGroup;
			children = (
				595BE8E7163FC3B90075BFB4 /* Whereami */,
				595BE8E0163FC3B90075BFB4 /* Frameworks */,
				595BE8DE163FC3B90075BFB4 /* Products */,
			);
			sourceTree = "<group>";
		};
		595BE8DE163FC3B90075BFB4 /* Products */ = {
			isa = PBXGroup;
			children = (
				595BE8DD163FC3B90075BFB4 /* Whereami.app */,
			);
			name = Products;
			sourceTree = "<group>";
		};
		595BE8E0163FC3B90075BFB4 /* Frameworks */ = {
			isa = PBXGroup;
			children = (
				59FD37A216403FB80024E727 /* MapKit.framework */,
				595BE904163FC4AB0075BFB4 /* CoreLocation.framework */,
				595BE8E1163FC3B90075BFB4 /* UIKit.framework */,
				595BE8E3163FC3B90075BFB4 /* Foundation.framework */,
				595BE8E5163FC3B90075BFB4 /* CoreGraphics.framework */,
			);
			name = Frameworks;
			sourceTree = "<group>";
		};
		595BE8E7163FC3B90075BFB4 /* Whereami */ = {
			isa = PBXGroup;
			children = (
				595BE8F0163FC3B90075BFB4 /* WhereamiAppDelegate.h */,
				595BE8F1163FC3B90075BFB4 /* WhereamiAppDelegate.m */,
				595BE8F9163FC3B90075BFB4 /* WhereamiViewController.h */,
				595BE8FA163FC3B90075BFB4 /* WhereamiViewController.m */,
				595FC35B16423F8F00581B18 /* BNRMapPoint.h */,
				595FC35C16423F8F00581B18 /* BNRMapPoint.m */,
				595BE8FC163FC3B90075BFB4 /* WhereamiViewController.xib */,
				595BE8E8163FC3B90075BFB4 /* Supporting Files */,
			);
			path = Whereami;
			sourceTree = "<group>";
		};
		595BE8E8163FC3B90075BFB4 /* Supporting Files */ = {
			isa = PBXGroup;
			children = (
				595BE8E9163FC3B90075BFB4 /* Whereami-Info.plist */,
				595BE8EA163FC3B90075BFB4 /* InfoPlist.strings */,
				595BE8ED163FC3B90075BFB4 /* main.m */,
				595BE8EF163FC3B90075BFB4 /* Whereami-Prefix.pch */,
				595BE8F3163FC3B90075BFB4 /* Default.png */,
				595BE8F5163FC3B90075BFB4 /* Default@2x.png */,
				595BE8F7163FC3B90075BFB4 /* Default-568h@2x.png */,
			);
			name = "Supporting Files";
			sourceTree = "<group>";
		};
/* End PBXGroup section */

/* Begin PBXNativeTarget section */
		595BE8DC163FC3B90075BFB4 /* Whereami */ = {
			isa = PBXNativeTarget;
			buildConfigurationList = 595BE901163FC3B90075BFB4 /* Build configuration list for PBXNativeTarget "Whereami" */;
			buildPhases = (
				595BE8D9163FC3B90075BFB4 /* Sources */,
				595BE8DA163FC3B90075BFB4 /* Frameworks */,
				595BE8DB163FC3B90075BFB4 /* Resources */,
			);
			buildRules = (
			);
			dependencies = (
			);
			name = Whereami;
			productName = Whereami;
			productReference = 595BE8DD163FC3B90075BFB4 /* Whereami.app */;
			productType = "com.apple.product-type.application";
		};
/* End PBXNativeTarget section */

/* Begin PBXProject section */
		595BE8D4163FC3B90075BFB4 /* Project object */ = {
			isa = PBXProject;
			attributes = {
				CLASSPREFIX = Whereami;
				LastUpgradeCheck = 0450;
				ORGANIZATIONNAME = "Vinay Siddharam Hiremath";
			};
			buildConfigurationList = 595BE8D7163FC3B90075BFB4 /* Build configuration list for PBXProject "Whereami" */;
			compatibilityVersion = "Xcode 3.2";
			developmentRegion = English;
			hasScannedForEncodings = 0;
			knownRegions = (
				en,
			);
			mainGroup = 595BE8D2163FC3B90075BFB4;
			productRefGroup = 595BE8DE163FC3B90075BFB4 /* Products */;
			projectDirPath = "";
			projectRoot = "";
			targets = (
				595BE8DC163FC3B90075BFB4 /* Whereami */,
			);
		};
/* End PBXProject section */

/* Begin PBXResourcesBuildPhase section */
		595BE8DB163FC3B90075BFB4 /* Resources */ = {
			isa = PBXResourcesBuildPhase;
			buildActionMask = 2147483647;
			files = (
				595BE8EC163FC3B90075BFB4 /* InfoPlist.strings in Resources */,
				595BE8F4163FC3B90075BFB4 /* Default.png in Resources */,
				595BE8F6163FC3B90075BFB4 /* Default@2x.png in Resources */,
				595BE8F8163FC3B90075BFB4 /* Default-568h@2x.png in Resources */,
				595BE8FE163FC3B90075BFB4 /* WhereamiViewController.xib in Resources */,
			);
			runOnlyForDeploymentPostprocessing = 0;
		};
/* End PBXResourcesBuildPhase section */

/* Begin PBXSourcesBuildPhase section */
		595BE8D9163FC3B90075BFB4 /* Sources */ = {
			isa = PBXSourcesBuildPhase;
			buildActionMask = 2147483647;
			files = (
				595BE8EE163FC3B90075BFB4 /* main.m in Sources */,
				595BE8F2163FC3B90075BFB4 /* WhereamiAppDelegate.m in Sources */,
				595BE8FB163FC3B90075BFB4 /* WhereamiViewController.m in Sources */,
				595FC35D16423F8F00581B18 /* BNRMapPoint.m in Sources */,
			);
			runOnlyForDeploymentPostprocessing = 0;
		};
/* End PBXSourcesBuildPhase section */

/* Begin PBXVariantGroup section */
		595BE8EA163FC3B90075BFB4 /* InfoPlist.strings */ = {
			isa = PBXVariantGroup;
			children = (
				595BE8EB163FC3B90075BFB4 /* en */,
			);
			name = InfoPlist.strings;
			sourceTree = "<group>";
		};
		595BE8FC163FC3B90075BFB4 /* WhereamiViewController.xib */ = {
			isa = PBXVariantGroup;
			children = (
				595BE8FD163FC3B90075BFB4 /* en */,
			);
			name = WhereamiViewController.xib;
			sourceTree = "<group>";
		};
/* End PBXVariantGroup section */

/* Begin XCBuildConfiguration section */
		595BE8FF163FC3B90075BFB4 /* Debug */ = {
			isa = XCBuildConfiguration;
			buildSettings = {
				ALWAYS_SEARCH_USER_PATHS = NO;
				CLANG_CXX_LANGUAGE_STANDARD = "gnu++0x";
				CLANG_CXX_LIBRARY = "libc++";
				CLANG_ENABLE_OBJC_ARC = YES;
				CLANG_WARN_EMPTY_BODY = YES;
				CLANG_WARN__DUPLICATE_METHOD_MATCH = YES;
				"CODE_SIGN_IDENTITY[sdk=iphoneos*]" = "iPhone Developer";
				COPY_PHASE_STRIP = NO;
				GCC_C_LANGUAGE_STANDARD = gnu99;
				GCC_DYNAMIC_NO_PIC = NO;
				GCC_OPTIMIZATION_LEVEL = 0;
				GCC_PREPROCESSOR_DEFINITIONS = (
					"DEBUG=1",
					"$(inherited)",
				);
				GCC_SYMBOLS_PRIVATE_EXTERN = NO;
				GCC_WARN_ABOUT_RETURN_TYPE = YES;
				GCC_WARN_UNINITIALIZED_AUTOS = YES;
				GCC_WARN_UNUSED_VARIABLE = YES;
				IPHONEOS_DEPLOYMENT_TARGET = 6.0;
				ONLY_ACTIVE_ARCH = YES;
				SDKROOT = iphoneos;
			};
			name = Debug;
		};
		595BE900163FC3B90075BFB4 /* Release */ = {
			isa = XCBuildConfiguration;
			buildSettings = {
				ALWAYS_SEARCH_USER_PATHS = NO;
				CLANG_CXX_LANGUAGE_STANDARD = "gnu++0x";
				CLANG_CXX_LIBRARY = "libc++";
				CLANG_ENABLE_OBJC_ARC = YES;
				CLANG_WARN_EMPTY_BODY = YES;
				CLANG_WARN__DUPLICATE_METHOD_MATCH = YES;
				"CODE_SIGN_IDENTITY[sdk=iphoneos*]" = "iPhone Developer";
				COPY_PHASE_STRIP = YES;
				GCC_C_LANGUAGE_STANDARD = gnu99;
				GCC_WARN_ABOUT_RETURN_TYPE = YES;
				GCC_WARN_UNINITIALIZED_AUTOS = YES;
				GCC_WARN_UNUSED_VARIABLE = YES;
				IPHONEOS_DEPLOYMENT_TARGET = 6.0;
				OTHER_CFLAGS = "-DNS_BLOCK_ASSERTIONS=1";
				SDKROOT = iphoneos;
				VALIDATE_PRODUCT = YES;
			};
			name = Release;
		};
		595BE902163FC3B90075BFB4 /* Debug */ = {
			isa = XCBuildConfiguration;
			buildSettings = {
				GCC_PRECOMPILE_PREFIX_HEADER = YES;
				GCC_PREFIX_HEADER = "Whereami/Whereami-Prefix.pch";
				INFOPLIST_FILE = "Whereami/Whereami-Info.plist";
				PRODUCT_NAME = "$(TARGET_NAME)";
				WRAPPER_EXTENSION = app;
			};
			name = Debug;
		};
		595BE903163FC3B90075BFB4 /* Release */ = {
			isa = XCBuildConfiguration;
			buildSettings = {
				GCC_PRECOMPILE_PREFIX_HEADER = YES;
				GCC_PREFIX_HEADER = "Whereami/Whereami-Prefix.pch";
				INFOPLIST_FILE = "Whereami/Whereami-Info.plist";
				PRODUCT_NAME = "$(TARGET_NAME)";
				WRAPPER_EXTENSION = app;
			};
			name = Release;
		};
/* End XCBuildConfiguration section */

/* Begin XCConfigurationList section */
		595BE8D7163FC3B90075BFB4 /* Build configuration list for PBXProject "Whereami" */ = {
			isa = XCConfigurationList;
			buildConfigurations = (
				595BE8FF163FC3B90075BFB4 /* Debug */,
				595BE900163FC3B90075BFB4 /* Release */,
			);
			defaultConfigurationIsVisible = 0;
			defaultConfigurationName = Release;
		};
		595BE901163FC3B90075BFB4 /* Build configuration list for PBXNativeTarget "Whereami" */ = {
			isa = XCConfigurationList;
			buildConfigurations = (
				595BE902163FC3B90075BFB4 /* Debug */,
				595BE903163FC3B90075BFB4 /* Release */,
			);
			defaultConfigurationIsVisible = 0;
			defaultConfigurationName = Release;
		};
/* End XCConfigurationList section */
	};
	rootObject = 595BE8D4163FC3B90075BFB4 /* Project object */;
}
