// !$*UTF8*$!
{
	archiveVersion = 1;
	classes = {
	};
	objectVersion = 46;
	objects = {

/* Begin PBXBuildFile section */
		598B820F168AAB2900C44E51 /* UIKit.framework in Frameworks */ = {isa = PBXBuildFile; fileRef = 598B820E168AAB2900C44E51 /* UIKit.framework */; };
		598B8211168AAB2900C44E51 /* Foundation.framework in Frameworks */ = {isa = PBXBuildFile; fileRef = 598B8210168AAB2900C44E51 /* Foundation.framework */; };
		598B8213168AAB2900C44E51 /* CoreGraphics.framework in Frameworks */ = {isa = PBXBuildFile; fileRef = 598B8212168AAB2900C44E51 /* CoreGraphics.framework */; };
		598B8219168AAB2900C44E51 /* InfoPlist.strings in Resources */ = {isa = PBXBuildFile; fileRef = 598B8217168AAB2900C44E51 /* InfoPlist.strings */; };
		598B821B168AAB2900C44E51 /* main.m in Sources */ = {isa = PBXBuildFile; fileRef = 598B821A168AAB2900C44E51 /* main.m */; };
		598B821F168AAB2900C44E51 /* HomepwnerAppDelegate.m in Sources */ = {isa = PBXBuildFile; fileRef = 598B821E168AAB2900C44E51 /* HomepwnerAppDelegate.m */; };
		598B8221168AAB2900C44E51 /* Default.png in Resources */ = {isa = PBXBuildFile; fileRef = 598B8220168AAB2900C44E51 /* Default.png */; };
		598B8223168AAB2900C44E51 /* Default@2x.png in Resources */ = {isa = PBXBuildFile; fileRef = 598B8222168AAB2900C44E51 /* Default@2x.png */; };
		598B8225168AAB2900C44E51 /* Default-568h@2x.png in Resources */ = {isa = PBXBuildFile; fileRef = 598B8224168AAB2900C44E51 /* Default-568h@2x.png */; };
		598B822D168AAB8300C44E51 /* ItemsViewController.m in Sources */ = {isa = PBXBuildFile; fileRef = 598B822C168AAB8300C44E51 /* ItemsViewController.m */; };
		598B8230168AAD0900C44E51 /* BNRItem.m in Sources */ = {isa = PBXBuildFile; fileRef = 598B822F168AACF600C44E51 /* BNRItem.m */; };
		598B8233168AAD9C00C44E51 /* BNRItemStore.m in Sources */ = {isa = PBXBuildFile; fileRef = 598B8232168AAD9C00C44E51 /* BNRItemStore.m */; };
/* End PBXBuildFile section */

/* Begin PBXFileReference section */
		598B820A168AAB2900C44E51 /* Homepwner.app */ = {isa = PBXFileReference; explicitFileType = wrapper.application; includeInIndex = 0; path = Homepwner.app; sourceTree = BUILT_PRODUCTS_DIR; };
		598B820E168AAB2900C44E51 /* UIKit.framework */ = {isa = PBXFileReference; lastKnownFileType = wrapper.framework; name = UIKit.framework; path = System/Library/Frameworks/UIKit.framework; sourceTree = SDKROOT; };
		598B8210168AAB2900C44E51 /* Foundation.framework */ = {isa = PBXFileReference; lastKnownFileType = wrapper.framework; name = Foundation.framework; path = System/Library/Frameworks/Foundation.framework; sourceTree = SDKROOT; };
		598B8212168AAB2900C44E51 /* CoreGraphics.framework */ = {isa = PBXFileReference; lastKnownFileType = wrapper.framework; name = CoreGraphics.framework; path = System/Library/Frameworks/CoreGraphics.framework; sourceTree = SDKROOT; };
		598B8216168AAB2900C44E51 /* Homepwner-Info.plist */ = {isa = PBXFileReference; lastKnownFileType = text.plist.xml; path = "Homepwner-Info.plist"; sourceTree = "<group>"; };
		598B8218168AAB2900C44E51 /* en */ = {isa = PBXFileReference; lastKnownFileType = text.plist.strings; name = en; path = en.lproj/InfoPlist.strings; sourceTree = "<group>"; };
		598B821A168AAB2900C44E51 /* main.m */ = {isa = PBXFileReference; lastKnownFileType = sourcecode.c.objc; path = main.m; sourceTree = "<group>"; };
		598B821C168AAB2900C44E51 /* Homepwner-Prefix.pch */ = {isa = PBXFileReference; lastKnownFileType = sourcecode.c.h; path = "Homepwner-Prefix.pch"; sourceTree = "<group>"; };
		598B821D168AAB2900C44E51 /* HomepwnerAppDelegate.h */ = {isa = PBXFileReference; lastKnownFileType = sourcecode.c.h; path = HomepwnerAppDelegate.h; sourceTree = "<group>"; };
		598B821E168AAB2900C44E51 /* HomepwnerAppDelegate.m */ = {isa = PBXFileReference; lastKnownFileType = sourcecode.c.objc; path = HomepwnerAppDelegate.m; sourceTree = "<group>"; };
		598B8220168AAB2900C44E51 /* Default.png */ = {isa = PBXFileReference; lastKnownFileType = image.png; path = Default.png; sourceTree = "<group>"; };
		598B8222168AAB2900C44E51 /* Default@2x.png */ = {isa = PBXFileReference; lastKnownFileType = image.png; path = "Default@2x.png"; sourceTree = "<group>"; };
		598B8224168AAB2900C44E51 /* Default-568h@2x.png */ = {isa = PBXFileReference; lastKnownFileType = image.png; path = "Default-568h@2x.png"; sourceTree = "<group>"; };
		598B822B168AAB8300C44E51 /* ItemsViewController.h */ = {isa = PBXFileReference; fileEncoding = 4; lastKnownFileType = sourcecode.c.h; path = ItemsViewController.h; sourceTree = "<group>"; };
		598B822C168AAB8300C44E51 /* ItemsViewController.m */ = {isa = PBXFileReference; fileEncoding = 4; lastKnownFileType = sourcecode.c.objc; path = ItemsViewController.m; sourceTree = "<group>"; };
		598B822E168AACF600C44E51 /* BNRItem.h */ = {isa = PBXFileReference; lastKnownFileType = sourcecode.c.h; path = BNRItem.h; sourceTree = "<group>"; };
		598B822F168AACF600C44E51 /* BNRItem.m */ = {isa = PBXFileReference; lastKnownFileType = sourcecode.c.objc; path = BNRItem.m; sourceTree = "<group>"; };
		598B8231168AAD9C00C44E51 /* BNRItemStore.h */ = {isa = PBXFileReference; fileEncoding = 4; lastKnownFileType = sourcecode.c.h; path = BNRItemStore.h; sourceTree = "<group>"; };
		598B8232168AAD9C00C44E51 /* BNRItemStore.m */ = {isa = PBXFileReference; fileEncoding = 4; lastKnownFileType = sourcecode.c.objc; path = BNRItemStore.m; sourceTree = "<group>"; };
/* End PBXFileReference section */

/* Begin PBXFrameworksBuildPhase section */
		598B8207168AAB2900C44E51 /* Frameworks */ = {
			isa = PBXFrameworksBuildPhase;
			buildActionMask = 2147483647;
			files = (
				598B820F168AAB2900C44E51 /* UIKit.framework in Frameworks */,
				598B8211168AAB2900C44E51 /* Foundation.framework in Frameworks */,
				598B8213168AAB2900C44E51 /* CoreGraphics.framework in Frameworks */,
			);
			runOnlyForDeploymentPostprocessing = 0;
		};
/* End PBXFrameworksBuildPhase section */

/* Begin PBXGroup section */
		598B81FF168AAB2900C44E51 = {
			isa = PBXGroup;
			children = (
				598B8214168AAB2900C44E51 /* Homepwner */,
				598B820D168AAB2900C44E51 /* Frameworks */,
				598B820B168AAB2900C44E51 /* Products */,
			);
			sourceTree = "<group>";
		};
		598B820B168AAB2900C44E51 /* Products */ = {
			isa = PBXGroup;
			children = (
				598B820A168AAB2900C44E51 /* Homepwner.app */,
			);
			name = Products;
			sourceTree = "<group>";
		};
		598B820D168AAB2900C44E51 /* Frameworks */ = {
			isa = PBXGroup;
			children = (
				598B820E168AAB2900C44E51 /* UIKit.framework */,
				598B8210168AAB2900C44E51 /* Foundation.framework */,
				598B8212168AAB2900C44E51 /* CoreGraphics.framework */,
			);
			name = Frameworks;
			sourceTree = "<group>";
		};
		598B8214168AAB2900C44E51 /* Homepwner */ = {
			isa = PBXGroup;
			children = (
				598B821D168AAB2900C44E51 /* HomepwnerAppDelegate.h */,
				598B821E168AAB2900C44E51 /* HomepwnerAppDelegate.m */,
				598B822E168AACF600C44E51 /* BNRItem.h */,
				598B822F168AACF600C44E51 /* BNRItem.m */,
				598B8231168AAD9C00C44E51 /* BNRItemStore.h */,
				598B8232168AAD9C00C44E51 /* BNRItemStore.m */,
				598B822B168AAB8300C44E51 /* ItemsViewController.h */,
				598B822C168AAB8300C44E51 /* ItemsViewController.m */,
				598B8215168AAB2900C44E51 /* Supporting Files */,
			);
			path = Homepwner;
			sourceTree = "<group>";
		};
		598B8215168AAB2900C44E51 /* Supporting Files */ = {
			isa = PBXGroup;
			children = (
				598B8216168AAB2900C44E51 /* Homepwner-Info.plist */,
				598B8217168AAB2900C44E51 /* InfoPlist.strings */,
				598B821A168AAB2900C44E51 /* main.m */,
				598B821C168AAB2900C44E51 /* Homepwner-Prefix.pch */,
				598B8220168AAB2900C44E51 /* Default.png */,
				598B8222168AAB2900C44E51 /* Default@2x.png */,
				598B8224168AAB2900C44E51 /* Default-568h@2x.png */,
			);
			name = "Supporting Files";
			sourceTree = "<group>";
		};
/* End PBXGroup section */

/* Begin PBXNativeTarget section */
		598B8209168AAB2900C44E51 /* Homepwner */ = {
			isa = PBXNativeTarget;
			buildConfigurationList = 598B8228168AAB2900C44E51 /* Build configuration list for PBXNativeTarget "Homepwner" */;
			buildPhases = (
				598B8206168AAB2900C44E51 /* Sources */,
				598B8207168AAB2900C44E51 /* Frameworks */,
				598B8208168AAB2900C44E51 /* Resources */,
			);
			buildRules = (
			);
			dependencies = (
			);
			name = Homepwner;
			productName = Homepwner;
			productReference = 598B820A168AAB2900C44E51 /* Homepwner.app */;
			productType = "com.apple.product-type.application";
		};
/* End PBXNativeTarget section */

/* Begin PBXProject section */
		598B8201168AAB2900C44E51 /* Project object */ = {
			isa = PBXProject;
			attributes = {
				CLASSPREFIX = Homepwner;
				LastUpgradeCheck = 0450;
				ORGANIZATIONNAME = "Vinay Siddharam Hiremath";
			};
			buildConfigurationList = 598B8204168AAB2900C44E51 /* Build configuration list for PBXProject "Homepwner" */;
			compatibilityVersion = "Xcode 3.2";
			developmentRegion = English;
			hasScannedForEncodings = 0;
			knownRegions = (
				en,
			);
			mainGroup = 598B81FF168AAB2900C44E51;
			productRefGroup = 598B820B168AAB2900C44E51 /* Products */;
			projectDirPath = "";
			projectRoot = "";
			targets = (
				598B8209168AAB2900C44E51 /* Homepwner */,
			);
		};
/* End PBXProject section */

/* Begin PBXResourcesBuildPhase section */
		598B8208168AAB2900C44E51 /* Resources */ = {
			isa = PBXResourcesBuildPhase;
			buildActionMask = 2147483647;
			files = (
				598B8219168AAB2900C44E51 /* InfoPlist.strings in Resources */,
				598B8221168AAB2900C44E51 /* Default.png in Resources */,
				598B8223168AAB2900C44E51 /* Default@2x.png in Resources */,
				598B8225168AAB2900C44E51 /* Default-568h@2x.png in Resources */,
			);
			runOnlyForDeploymentPostprocessing = 0;
		};
/* End PBXResourcesBuildPhase section */

/* Begin PBXSourcesBuildPhase section */
		598B8206168AAB2900C44E51 /* Sources */ = {
			isa = PBXSourcesBuildPhase;
			buildActionMask = 2147483647;
			files = (
				598B8230168AAD0900C44E51 /* BNRItem.m in Sources */,
				598B821B168AAB2900C44E51 /* main.m in Sources */,
				598B821F168AAB2900C44E51 /* HomepwnerAppDelegate.m in Sources */,
				598B822D168AAB8300C44E51 /* ItemsViewController.m in Sources */,
				598B8233168AAD9C00C44E51 /* BNRItemStore.m in Sources */,
			);
			runOnlyForDeploymentPostprocessing = 0;
		};
/* End PBXSourcesBuildPhase section */

/* Begin PBXVariantGroup section */
		598B8217168AAB2900C44E51 /* InfoPlist.strings */ = {
			isa = PBXVariantGroup;
			children = (
				598B8218168AAB2900C44E51 /* en */,
			);
			name = InfoPlist.strings;
			sourceTree = "<group>";
		};
/* End PBXVariantGroup section */

/* Begin XCBuildConfiguration section */
		598B8226168AAB2900C44E51 /* Debug */ = {
			isa = XCBuildConfiguration;
			buildSettings = {
				ALWAYS_SEARCH_USER_PATHS = NO;
				CLANG_CXX_LANGUAGE_STANDARD = "gnu++0x";
				CLANG_CXX_LIBRARY = "libc++";
				CLANG_ENABLE_OBJC_ARC = YES;
				CLANG_WARN_EMPTY_BODY = YES;
				CLANG_WARN__DUPLICATE_METHOD_MATCH = YES;
				"CODE_SIGN_IDENTITY[sdk=iphoneos*]" = "iPhone Developer";
				COPY_PHASE_STRIP = NO;
				GCC_C_LANGUAGE_STANDARD = gnu99;
				GCC_DYNAMIC_NO_PIC = NO;
				GCC_OPTIMIZATION_LEVEL = 0;
				GCC_PREPROCESSOR_DEFINITIONS = (
					"DEBUG=1",
					"$(inherited)",
				);
				GCC_SYMBOLS_PRIVATE_EXTERN = NO;
				GCC_WARN_ABOUT_RETURN_TYPE = YES;
				GCC_WARN_UNINITIALIZED_AUTOS = YES;
				GCC_WARN_UNUSED_VARIABLE = YES;
				IPHONEOS_DEPLOYMENT_TARGET = 6.0;
				ONLY_ACTIVE_ARCH = YES;
				SDKROOT = iphoneos;
			};
			name = Debug;
		};
		598B8227168AAB2900C44E51 /* Release */ = {
			isa = XCBuildConfiguration;
			buildSettings = {
				ALWAYS_SEARCH_USER_PATHS = NO;
				CLANG_CXX_LANGUAGE_STANDARD = "gnu++0x";
				CLANG_CXX_LIBRARY = "libc++";
				CLANG_ENABLE_OBJC_ARC = YES;
				CLANG_WARN_EMPTY_BODY = YES;
				CLANG_WARN__DUPLICATE_METHOD_MATCH = YES;
				"CODE_SIGN_IDENTITY[sdk=iphoneos*]" = "iPhone Developer";
				COPY_PHASE_STRIP = YES;
				GCC_C_LANGUAGE_STANDARD = gnu99;
				GCC_WARN_ABOUT_RETURN_TYPE = YES;
				GCC_WARN_UNINITIALIZED_AUTOS = YES;
				GCC_WARN_UNUSED_VARIABLE = YES;
				IPHONEOS_DEPLOYMENT_TARGET = 6.0;
				OTHER_CFLAGS = "-DNS_BLOCK_ASSERTIONS=1";
				SDKROOT = iphoneos;
				VALIDATE_PRODUCT = YES;
			};
			name = Release;
		};
		598B8229168AAB2900C44E51 /* Debug */ = {
			isa = XCBuildConfiguration;
			buildSettings = {
				GCC_PRECOMPILE_PREFIX_HEADER = YES;
				GCC_PREFIX_HEADER = "Homepwner/Homepwner-Prefix.pch";
				INFOPLIST_FILE = "Homepwner/Homepwner-Info.plist";
				PRODUCT_NAME = "$(TARGET_NAME)";
				WRAPPER_EXTENSION = app;
			};
			name = Debug;
		};
		598B822A168AAB2900C44E51 /* Release */ = {
			isa = XCBuildConfiguration;
			buildSettings = {
				GCC_PRECOMPILE_PREFIX_HEADER = YES;
				GCC_PREFIX_HEADER = "Homepwner/Homepwner-Prefix.pch";
				INFOPLIST_FILE = "Homepwner/Homepwner-Info.plist";
				PRODUCT_NAME = "$(TARGET_NAME)";
				WRAPPER_EXTENSION = app;
			};
			name = Release;
		};
/* End XCBuildConfiguration section */

/* Begin XCConfigurationList section */
		598B8204168AAB2900C44E51 /* Build configuration list for PBXProject "Homepwner" */ = {
			isa = XCConfigurationList;
			buildConfigurations = (
				598B8226168AAB2900C44E51 /* Debug */,
				598B8227168AAB2900C44E51 /* Release */,
			);
			defaultConfigurationIsVisible = 0;
			defaultConfigurationName = Release;
		};
		598B8228168AAB2900C44E51 /* Build configuration list for PBXNativeTarget "Homepwner" */ = {
			isa = XCConfigurationList;
			buildConfigurations = (
				598B8229168AAB2900C44E51 /* Debug */,
				598B822A168AAB2900C44E51 /* Release */,
			);
			defaultConfigurationIsVisible = 0;
		};
/* End XCConfigurationList section */
	};
	rootObject = 598B8201168AAB2900C44E51 /* Project object */;
}
